version = 1
requires-python = ">=3.13"

[[package]]
name = "audioop-lts"
version = "0.2.1"
source = { registry = "https://pypi.org/simple" }
sdist = { url = "https://files.pythonhosted.org/packages/dd/3b/69ff8a885e4c1c42014c2765275c4bd91fe7bc9847e9d8543dbcbb09f820/audioop_lts-0.2.1.tar.gz", hash = "sha256:e81268da0baa880431b68b1308ab7257eb33f356e57a5f9b1f915dfb13dd1387", size = 30204 }
wheels = [
    { url = "https://files.pythonhosted.org/packages/01/91/a219253cc6e92db2ebeaf5cf8197f71d995df6f6b16091d1f3ce62cb169d/audioop_lts-0.2.1-cp313-abi3-macosx_10_13_universal2.whl", hash = "sha256:fd1345ae99e17e6910f47ce7d52673c6a1a70820d78b67de1b7abb3af29c426a", size = 46252 },
    { url = "https://files.pythonhosted.org/packages/ec/f6/3cb21e0accd9e112d27cee3b1477cd04dafe88675c54ad8b0d56226c1e0b/audioop_lts-0.2.1-cp313-abi3-macosx_10_13_x86_64.whl", hash = "sha256:e175350da05d2087e12cea8e72a70a1a8b14a17e92ed2022952a4419689ede5e", size = 27183 },
    { url = "https://files.pythonhosted.org/packages/ea/7e/f94c8a6a8b2571694375b4cf94d3e5e0f529e8e6ba280fad4d8c70621f27/audioop_lts-0.2.1-cp313-abi3-macosx_11_0_arm64.whl", hash = "sha256:4a8dd6a81770f6ecf019c4b6d659e000dc26571b273953cef7cd1d5ce2ff3ae6", size = 26726 },
    { url = "https://files.pythonhosted.org/packages/ef/f8/a0e8e7a033b03fae2b16bc5aa48100b461c4f3a8a38af56d5ad579924a3a/audioop_lts-0.2.1-cp313-abi3-manylinux_2_17_aarch64.manylinux2014_aarch64.whl", hash = "sha256:d1cd3c0b6f2ca25c7d2b1c3adeecbe23e65689839ba73331ebc7d893fcda7ffe", size = 80718 },
    { url = "https://files.pythonhosted.org/packages/8f/ea/a98ebd4ed631c93b8b8f2368862cd8084d75c77a697248c24437c36a6f7e/audioop_lts-0.2.1-cp313-abi3-manylinux_2_17_ppc64le.manylinux2014_ppc64le.whl", hash = "sha256:ff3f97b3372c97782e9c6d3d7fdbe83bce8f70de719605bd7ee1839cd1ab360a", size = 88326 },
    { url = "https://files.pythonhosted.org/packages/33/79/e97a9f9daac0982aa92db1199339bd393594d9a4196ad95ae088635a105f/audioop_lts-0.2.1-cp313-abi3-manylinux_2_17_s390x.manylinux2014_s390x.whl", hash = "sha256:a351af79edefc2a1bd2234bfd8b339935f389209943043913a919df4b0f13300", size = 80539 },
    { url = "https://files.pythonhosted.org/packages/b2/d3/1051d80e6f2d6f4773f90c07e73743a1e19fcd31af58ff4e8ef0375d3a80/audioop_lts-0.2.1-cp313-abi3-manylinux_2_5_i686.manylinux1_i686.manylinux_2_17_i686.manylinux2014_i686.whl", hash = "sha256:2aeb6f96f7f6da80354330470b9134d81b4cf544cdd1c549f2f45fe964d28059", size = 78577 },
    { url = "https://files.pythonhosted.org/packages/7a/1d/54f4c58bae8dc8c64a75071c7e98e105ddaca35449376fcb0180f6e3c9df/audioop_lts-0.2.1-cp313-abi3-manylinux_2_5_x86_64.manylinux1_x86_64.manylinux_2_17_x86_64.manylinux2014_x86_64.whl", hash = "sha256:c589f06407e8340e81962575fcffbba1e92671879a221186c3d4662de9fe804e", size = 82074 },
    { url = "https://files.pythonhosted.org/packages/36/89/2e78daa7cebbea57e72c0e1927413be4db675548a537cfba6a19040d52fa/audioop_lts-0.2.1-cp313-abi3-musllinux_1_2_aarch64.whl", hash = "sha256:fbae5d6925d7c26e712f0beda5ed69ebb40e14212c185d129b8dfbfcc335eb48", size = 84210 },
    { url = "https://files.pythonhosted.org/packages/a5/57/3ff8a74df2ec2fa6d2ae06ac86e4a27d6412dbb7d0e0d41024222744c7e0/audioop_lts-0.2.1-cp313-abi3-musllinux_1_2_i686.whl", hash = "sha256:d2d5434717f33117f29b5691fbdf142d36573d751716249a288fbb96ba26a281", size = 85664 },
    { url = "https://files.pythonhosted.org/packages/16/01/21cc4e5878f6edbc8e54be4c108d7cb9cb6202313cfe98e4ece6064580dd/audioop_lts-0.2.1-cp313-abi3-musllinux_1_2_ppc64le.whl", hash = "sha256:f626a01c0a186b08f7ff61431c01c055961ee28769591efa8800beadd27a2959", size = 93255 },
    { url = "https://files.pythonhosted.org/packages/3e/28/7f7418c362a899ac3b0bf13b1fde2d4ffccfdeb6a859abd26f2d142a1d58/audioop_lts-0.2.1-cp313-abi3-musllinux_1_2_s390x.whl", hash = "sha256:05da64e73837f88ee5c6217d732d2584cf638003ac72df124740460531e95e47", size = 87760 },
    { url = "https://files.pythonhosted.org/packages/6d/d8/577a8be87dc7dd2ba568895045cee7d32e81d85a7e44a29000fe02c4d9d4/audioop_lts-0.2.1-cp313-abi3-musllinux_1_2_x86_64.whl", hash = "sha256:56b7a0a4dba8e353436f31a932f3045d108a67b5943b30f85a5563f4d8488d77", size = 84992 },
    { url = "https://files.pythonhosted.org/packages/ef/9a/4699b0c4fcf89936d2bfb5425f55f1a8b86dff4237cfcc104946c9cd9858/audioop_lts-0.2.1-cp313-abi3-win32.whl", hash = "sha256:6e899eb8874dc2413b11926b5fb3857ec0ab55222840e38016a6ba2ea9b7d5e3", size = 26059 },
    { url = "https://files.pythonhosted.org/packages/3a/1c/1f88e9c5dd4785a547ce5fd1eb83fff832c00cc0e15c04c1119b02582d06/audioop_lts-0.2.1-cp313-abi3-win_amd64.whl", hash = "sha256:64562c5c771fb0a8b6262829b9b4f37a7b886c01b4d3ecdbae1d629717db08b4", size = 30412 },
    { url = "https://files.pythonhosted.org/packages/c4/e9/c123fd29d89a6402ad261516f848437472ccc602abb59bba522af45e281b/audioop_lts-0.2.1-cp313-abi3-win_arm64.whl", hash = "sha256:c45317debeb64002e980077642afbd977773a25fa3dfd7ed0c84dccfc1fafcb0", size = 23578 },
    { url = "https://files.pythonhosted.org/packages/7a/99/bb664a99561fd4266687e5cb8965e6ec31ba4ff7002c3fce3dc5ef2709db/audioop_lts-0.2.1-cp313-cp313t-macosx_10_13_universal2.whl", hash = "sha256:3827e3fce6fee4d69d96a3d00cd2ab07f3c0d844cb1e44e26f719b34a5b15455", size = 46827 },
    { url = "https://files.pythonhosted.org/packages/c4/e3/f664171e867e0768ab982715e744430cf323f1282eb2e11ebfb6ee4c4551/audioop_lts-0.2.1-cp313-cp313t-macosx_10_13_x86_64.whl", hash = "sha256:161249db9343b3c9780ca92c0be0d1ccbfecdbccac6844f3d0d44b9c4a00a17f", size = 27479 },
    { url = "https://files.pythonhosted.org/packages/a6/0d/2a79231ff54eb20e83b47e7610462ad6a2bea4e113fae5aa91c6547e7764/audioop_lts-0.2.1-cp313-cp313t-macosx_11_0_arm64.whl", hash = "sha256:5b7b4ff9de7a44e0ad2618afdc2ac920b91f4a6d3509520ee65339d4acde5abf", size = 27056 },
    { url = "https://files.pythonhosted.org/packages/86/46/342471398283bb0634f5a6df947806a423ba74b2e29e250c7ec0e3720e4f/audioop_lts-0.2.1-cp313-cp313t-manylinux_2_17_aarch64.manylinux2014_aarch64.whl", hash = "sha256:72e37f416adb43b0ced93419de0122b42753ee74e87070777b53c5d2241e7fab", size = 87802 },
    { url = "https://files.pythonhosted.org/packages/56/44/7a85b08d4ed55517634ff19ddfbd0af05bf8bfd39a204e4445cd0e6f0cc9/audioop_lts-0.2.1-cp313-cp313t-manylinux_2_17_ppc64le.manylinux2014_ppc64le.whl", hash = "sha256:534ce808e6bab6adb65548723c8cbe189a3379245db89b9d555c4210b4aaa9b6", size = 95016 },
    { url = "https://files.pythonhosted.org/packages/a8/2a/45edbca97ea9ee9e6bbbdb8d25613a36e16a4d1e14ae01557392f15cc8d3/audioop_lts-0.2.1-cp313-cp313t-manylinux_2_17_s390x.manylinux2014_s390x.whl", hash = "sha256:d2de9b6fb8b1cf9f03990b299a9112bfdf8b86b6987003ca9e8a6c4f56d39543", size = 87394 },
    { url = "https://files.pythonhosted.org/packages/14/ae/832bcbbef2c510629593bf46739374174606e25ac7d106b08d396b74c964/audioop_lts-0.2.1-cp313-cp313t-manylinux_2_5_i686.manylinux1_i686.manylinux_2_17_i686.manylinux2014_i686.whl", hash = "sha256:f24865991b5ed4b038add5edbf424639d1358144f4e2a3e7a84bc6ba23e35074", size = 84874 },
    { url = "https://files.pythonhosted.org/packages/26/1c/8023c3490798ed2f90dfe58ec3b26d7520a243ae9c0fc751ed3c9d8dbb69/audioop_lts-0.2.1-cp313-cp313t-manylinux_2_5_x86_64.manylinux1_x86_64.manylinux_2_17_x86_64.manylinux2014_x86_64.whl", hash = "sha256:2bdb3b7912ccd57ea53197943f1bbc67262dcf29802c4a6df79ec1c715d45a78", size = 88698 },
    { url = "https://files.pythonhosted.org/packages/2c/db/5379d953d4918278b1f04a5a64b2c112bd7aae8f81021009da0dcb77173c/audioop_lts-0.2.1-cp313-cp313t-musllinux_1_2_aarch64.whl", hash = "sha256:120678b208cca1158f0a12d667af592e067f7a50df9adc4dc8f6ad8d065a93fb", size = 90401 },
    { url = "https://files.pythonhosted.org/packages/99/6e/3c45d316705ab1aec2e69543a5b5e458d0d112a93d08994347fafef03d50/audioop_lts-0.2.1-cp313-cp313t-musllinux_1_2_i686.whl", hash = "sha256:54cd4520fc830b23c7d223693ed3e1b4d464997dd3abc7c15dce9a1f9bd76ab2", size = 91864 },
    { url = "https://files.pythonhosted.org/packages/08/58/6a371d8fed4f34debdb532c0b00942a84ebf3e7ad368e5edc26931d0e251/audioop_lts-0.2.1-cp313-cp313t-musllinux_1_2_ppc64le.whl", hash = "sha256:d6bd20c7a10abcb0fb3d8aaa7508c0bf3d40dfad7515c572014da4b979d3310a", size = 98796 },
    { url = "https://files.pythonhosted.org/packages/ee/77/d637aa35497e0034ff846fd3330d1db26bc6fd9dd79c406e1341188b06a2/audioop_lts-0.2.1-cp313-cp313t-musllinux_1_2_s390x.whl", hash = "sha256:f0ed1ad9bd862539ea875fb339ecb18fcc4148f8d9908f4502df28f94d23491a", size = 94116 },
    { url = "https://files.pythonhosted.org/packages/1a/60/7afc2abf46bbcf525a6ebc0305d85ab08dc2d1e2da72c48dbb35eee5b62c/audioop_lts-0.2.1-cp313-cp313t-musllinux_1_2_x86_64.whl", hash = "sha256:e1af3ff32b8c38a7d900382646e91f2fc515fd19dea37e9392275a5cbfdbff63", size = 91520 },
    { url = "https://files.pythonhosted.org/packages/65/6d/42d40da100be1afb661fd77c2b1c0dfab08af1540df57533621aea3db52a/audioop_lts-0.2.1-cp313-cp313t-win32.whl", hash = "sha256:f51bb55122a89f7a0817d7ac2319744b4640b5b446c4c3efcea5764ea99ae509", size = 26482 },
    { url = "https://files.pythonhosted.org/packages/01/09/f08494dca79f65212f5b273aecc5a2f96691bf3307cac29acfcf84300c01/audioop_lts-0.2.1-cp313-cp313t-win_amd64.whl", hash = "sha256:f0f2f336aa2aee2bce0b0dcc32bbba9178995454c7b979cf6ce086a8801e14c7", size = 30780 },
    { url = "https://files.pythonhosted.org/packages/5d/35/be73b6015511aa0173ec595fc579133b797ad532996f2998fd6b8d1bbe6b/audioop_lts-0.2.1-cp313-cp313t-win_arm64.whl", hash = "sha256:78bfb3703388c780edf900be66e07de5a3d4105ca8e8720c5c4d67927e0b15d0", size = 23918 },
]

[[package]]
name = "certifi"
version = "2024.12.14"
source = { registry = "https://pypi.org/simple" }
sdist = { url = "https://files.pythonhosted.org/packages/0f/bd/1d41ee578ce09523c81a15426705dd20969f5abf006d1afe8aeff0dd776a/certifi-2024.12.14.tar.gz", hash = "sha256:b650d30f370c2b724812bee08008be0c4163b163ddaec3f2546c1caf65f191db", size = 166010 }
wheels = [
    { url = "https://files.pythonhosted.org/packages/a5/32/8f6669fc4798494966bf446c8c4a162e0b5d893dff088afddf76414f70e1/certifi-2024.12.14-py3-none-any.whl", hash = "sha256:1275f7a45be9464efc1173084eaa30f866fe2e47d389406136d332ed4967ec56", size = 164927 },
]

[[package]]
name = "charset-normalizer"
version = "3.4.1"
source = { registry = "https://pypi.org/simple" }
sdist = { url = "https://files.pythonhosted.org/packages/16/b0/572805e227f01586461c80e0fd25d65a2115599cc9dad142fee4b747c357/charset_normalizer-3.4.1.tar.gz", hash = "sha256:44251f18cd68a75b56585dd00dae26183e102cd5e0f9f1466e6df5da2ed64ea3", size = 123188 }
wheels = [
    { url = "https://files.pythonhosted.org/packages/38/94/ce8e6f63d18049672c76d07d119304e1e2d7c6098f0841b51c666e9f44a0/charset_normalizer-3.4.1-cp313-cp313-macosx_10_13_universal2.whl", hash = "sha256:aabfa34badd18f1da5ec1bc2715cadc8dca465868a4e73a0173466b688f29dda", size = 195698 },
    { url = "https://files.pythonhosted.org/packages/24/2e/dfdd9770664aae179a96561cc6952ff08f9a8cd09a908f259a9dfa063568/charset_normalizer-3.4.1-cp313-cp313-manylinux_2_17_aarch64.manylinux2014_aarch64.whl", hash = "sha256:22e14b5d70560b8dd51ec22863f370d1e595ac3d024cb8ad7d308b4cd95f8313", size = 140162 },
    { url = "https://files.pythonhosted.org/packages/24/4e/f646b9093cff8fc86f2d60af2de4dc17c759de9d554f130b140ea4738ca6/charset_normalizer-3.4.1-cp313-cp313-manylinux_2_17_ppc64le.manylinux2014_ppc64le.whl", hash = "sha256:8436c508b408b82d87dc5f62496973a1805cd46727c34440b0d29d8a2f50a6c9", size = 150263 },
    { url = "https://files.pythonhosted.org/packages/5e/67/2937f8d548c3ef6e2f9aab0f6e21001056f692d43282b165e7c56023e6dd/charset_normalizer-3.4.1-cp313-cp313-manylinux_2_17_s390x.manylinux2014_s390x.whl", hash = "sha256:2d074908e1aecee37a7635990b2c6d504cd4766c7bc9fc86d63f9c09af3fa11b", size = 142966 },
    { url = "https://files.pythonhosted.org/packages/52/ed/b7f4f07de100bdb95c1756d3a4d17b90c1a3c53715c1a476f8738058e0fa/charset_normalizer-3.4.1-cp313-cp313-manylinux_2_17_x86_64.manylinux2014_x86_64.whl", hash = "sha256:955f8851919303c92343d2f66165294848d57e9bba6cf6e3625485a70a038d11", size = 144992 },
    { url = "https://files.pythonhosted.org/packages/96/2c/d49710a6dbcd3776265f4c923bb73ebe83933dfbaa841c5da850fe0fd20b/charset_normalizer-3.4.1-cp313-cp313-manylinux_2_5_i686.manylinux1_i686.manylinux_2_17_i686.manylinux2014_i686.whl", hash = "sha256:44ecbf16649486d4aebafeaa7ec4c9fed8b88101f4dd612dcaf65d5e815f837f", size = 147162 },
    { url = "https://files.pythonhosted.org/packages/b4/41/35ff1f9a6bd380303dea55e44c4933b4cc3c4850988927d4082ada230273/charset_normalizer-3.4.1-cp313-cp313-musllinux_1_2_aarch64.whl", hash = "sha256:0924e81d3d5e70f8126529951dac65c1010cdf117bb75eb02dd12339b57749dd", size = 140972 },
    { url = "https://files.pythonhosted.org/packages/fb/43/c6a0b685fe6910d08ba971f62cd9c3e862a85770395ba5d9cad4fede33ab/charset_normalizer-3.4.1-cp313-cp313-musllinux_1_2_i686.whl", hash = "sha256:2967f74ad52c3b98de4c3b32e1a44e32975e008a9cd2a8cc8966d6a5218c5cb2", size = 149095 },
    { url = "https://files.pythonhosted.org/packages/4c/ff/a9a504662452e2d2878512115638966e75633519ec11f25fca3d2049a94a/charset_normalizer-3.4.1-cp313-cp313-musllinux_1_2_ppc64le.whl", hash = "sha256:c75cb2a3e389853835e84a2d8fb2b81a10645b503eca9bcb98df6b5a43eb8886", size = 152668 },
    { url = "https://files.pythonhosted.org/packages/6c/71/189996b6d9a4b932564701628af5cee6716733e9165af1d5e1b285c530ed/charset_normalizer-3.4.1-cp313-cp313-musllinux_1_2_s390x.whl", hash = "sha256:09b26ae6b1abf0d27570633b2b078a2a20419c99d66fb2823173d73f188ce601", size = 150073 },
    { url = "https://files.pythonhosted.org/packages/e4/93/946a86ce20790e11312c87c75ba68d5f6ad2208cfb52b2d6a2c32840d922/charset_normalizer-3.4.1-cp313-cp313-musllinux_1_2_x86_64.whl", hash = "sha256:fa88b843d6e211393a37219e6a1c1df99d35e8fd90446f1118f4216e307e48cd", size = 145732 },
    { url = "https://files.pythonhosted.org/packages/cd/e5/131d2fb1b0dddafc37be4f3a2fa79aa4c037368be9423061dccadfd90091/charset_normalizer-3.4.1-cp313-cp313-win32.whl", hash = "sha256:eb8178fe3dba6450a3e024e95ac49ed3400e506fd4e9e5c32d30adda88cbd407", size = 95391 },
    { url = "https://files.pythonhosted.org/packages/27/f2/4f9a69cc7712b9b5ad8fdb87039fd89abba997ad5cbe690d1835d40405b0/charset_normalizer-3.4.1-cp313-cp313-win_amd64.whl", hash = "sha256:b1ac5992a838106edb89654e0aebfc24f5848ae2547d22c2c3f66454daa11971", size = 102702 },
    { url = "https://files.pythonhosted.org/packages/0e/f6/65ecc6878a89bb1c23a086ea335ad4bf21a588990c3f535a227b9eea9108/charset_normalizer-3.4.1-py3-none-any.whl", hash = "sha256:d98b1668f06378c6dbefec3b92299716b931cd4e6061f3c875a71ced1780ab85", size = 49767 },
]

[[package]]
name = "click"
version = "8.1.8"
source = { registry = "https://pypi.org/simple" }
dependencies = [
    { name = "colorama", marker = "sys_platform == 'win32'" },
]
sdist = { url = "https://files.pythonhosted.org/packages/b9/2e/0090cbf739cee7d23781ad4b89a9894a41538e4fcf4c31dcdd705b78eb8b/click-8.1.8.tar.gz", hash = "sha256:ed53c9d8990d83c2a27deae68e4ee337473f6330c040a31d4225c9574d16096a", size = 226593 }
wheels = [
    { url = "https://files.pythonhosted.org/packages/7e/d4/7ebdbd03970677812aac39c869717059dbb71a4cfc033ca6e5221787892c/click-8.1.8-py3-none-any.whl", hash = "sha256:63c132bbbed01578a06712a2d1f497bb62d9c1c0d329b7903a866228027263b2", size = 98188 },
]

[[package]]
name = "colorama"
version = "0.4.6"
source = { registry = "https://pypi.org/simple" }
sdist = { url = "https://files.pythonhosted.org/packages/d8/53/6f443c9a4a8358a93a6792e2acffb9d9d5cb0a5cfd8802644b7b1c9a02e4/colorama-0.4.6.tar.gz", hash = "sha256:08695f5cb7ed6e0531a20572697297273c47b8cae5a63ffc6d6ed5c201be6e44", size = 27697 }
wheels = [
    { url = "https://files.pythonhosted.org/packages/d1/d6/3965ed04c63042e047cb6a3e6ed1a63a35087b6a609aa3a15ed8ac56c221/colorama-0.4.6-py2.py3-none-any.whl", hash = "sha256:4f1d9991f5acc0ca119f9d443620b77f9d6b33703e51011c16baf57afb285fc6", size = 25335 },
]

[[package]]
name = "feedparser"
version = "6.0.11"
source = { registry = "https://pypi.org/simple" }
dependencies = [
    { name = "sgmllib3k" },
]
sdist = { url = "https://files.pythonhosted.org/packages/ff/aa/7af346ebeb42a76bf108027fe7f3328bb4e57a3a96e53e21fd9ef9dd6dd0/feedparser-6.0.11.tar.gz", hash = "sha256:c9d0407b64c6f2a065d0ebb292c2b35c01050cc0dc33757461aaabdc4c4184d5", size = 286197 }
wheels = [
    { url = "https://files.pythonhosted.org/packages/7c/d4/8c31aad9cc18f451c49f7f9cfb5799dadffc88177f7917bc90a66459b1d7/feedparser-6.0.11-py3-none-any.whl", hash = "sha256:0be7ee7b395572b19ebeb1d6aafb0028dee11169f1c934e0ed67d54992f4ad45", size = 81343 },
]

[[package]]
name = "gtts"
version = "2.5.4"
source = { registry = "https://pypi.org/simple" }
dependencies = [
    { name = "click" },
    { name = "requests" },
]
sdist = { url = "https://files.pythonhosted.org/packages/57/79/5ddb1dfcd663581d0d3fca34ccb1d8d841b47c22a24dc8dce416e3d87dfa/gtts-2.5.4.tar.gz", hash = "sha256:f5737b585f6442f677dbe8773424fd50697c75bdf3e36443585e30a8d48c1884", size = 24018 }
wheels = [
    { url = "https://files.pythonhosted.org/packages/e3/6c/8b8b1fdcaee7e268536f1bb00183a5894627726b54a9ddc6fc9909888447/gTTS-2.5.4-py3-none-any.whl", hash = "sha256:5dd579377f9f5546893bc26315ab1f846933dc27a054764b168f141065ca8436", size = 29184 },
]

[[package]]
name = "idna"
version = "3.10"
source = { registry = "https://pypi.org/simple" }
sdist = { url = "https://files.pythonhosted.org/packages/f1/70/7703c29685631f5a7590aa73f1f1d3fa9a380e654b86af429e0934a32f7d/idna-3.10.tar.gz", hash = "sha256:12f65c9b470abda6dc35cf8e63cc574b1c52b11df2c86030af0ac09b01b13ea9", size = 190490 }
wheels = [
    { url = "https://files.pythonhosted.org/packages/76/c6/c88e154df9c4e1a2a66ccf0005a88dfb2650c1dffb6f5ce603dfbd452ce3/idna-3.10-py3-none-any.whl", hash = "sha256:946d195a0d259cbba61165e88e65941f16e9b36ea6ddb97f00452bae8b1287d3", size = 70442 },
]

[[package]]
name = "langdetect"
version = "1.0.9"
source = { registry = "https://pypi.org/simple" }
dependencies = [
    { name = "six" },
]
sdist = { url = "https://files.pythonhosted.org/packages/0e/72/a3add0e4eec4eb9e2569554f7c70f4a3c27712f40e3284d483e88094cc0e/langdetect-1.0.9.tar.gz", hash = "sha256:cbc1fef89f8d062739774bd51eda3da3274006b3661d199c2655f6b3f6d605a0", size = 981474 }

[[package]]
name = "newscast"
version = "0.1.0"
source = { virtual = "." }
dependencies = [
    { name = "audioop-lts" },
    { name = "feedparser" },
    { name = "gtts" },
    { name = "langdetect" },
    { name = "pydub" },
]

[package.metadata]
requires-dist = [
    { name = "audioop-lts", specifier = ">=0.2.1" },
    { name = "feedparser", specifier = ">=6.0.11" },
    { name = "gtts", specifier = ">=2.5.4" },
    { name = "langdetect", specifier = ">=1.0.9" },
    { name = "pydub", specifier = ">=0.25.1" },
]

[[package]]
name = "pydub"
version = "0.25.1"
source = { registry = "https://pypi.org/simple" }
sdist = { url = "https://files.pythonhosted.org/packages/fe/9a/e6bca0eed82db26562c73b5076539a4a08d3cffd19c3cc5913a3e61145fd/pydub-0.25.1.tar.gz", hash = "sha256:980a33ce9949cab2a569606b65674d748ecbca4f0796887fd6f46173a7b0d30f", size = 38326 }
wheels = [
    { url = "https://files.pythonhosted.org/packages/a6/53/d78dc063216e62fc55f6b2eebb447f6a4b0a59f55c8406376f76bf959b08/pydub-0.25.1-py2.py3-none-any.whl", hash = "sha256:65617e33033874b59d87db603aa1ed450633288aefead953b30bded59cb599a6", size = 32327 },
]

[[package]]
name = "requests"
version = "2.32.3"
source = { registry = "https://pypi.org/simple" }
dependencies = [
    { name = "certifi" },
    { name = "charset-normalizer" },
    { name = "idna" },
    { name = "urllib3" },
]
sdist = { url = "https://files.pythonhosted.org/packages/63/70/2bf7780ad2d390a8d301ad0b550f1581eadbd9a20f896afe06353c2a2913/requests-2.32.3.tar.gz", hash = "sha256:55365417734eb18255590a9ff9eb97e9e1da868d4ccd6402399eaf68af20a760", size = 131218 }
wheels = [
    { url = "https://files.pythonhosted.org/packages/f9/9b/335f9764261e915ed497fcdeb11df5dfd6f7bf257d4a6a2a686d80da4d54/requests-2.32.3-py3-none-any.whl", hash = "sha256:70761cfe03c773ceb22aa2f671b4757976145175cdfca038c02654d061d6dcc6", size = 64928 },
]

[[package]]
name = "sgmllib3k"
version = "1.0.0"
source = { registry = "https://pypi.org/simple" }
sdist = { url = "https://files.pythonhosted.org/packages/9e/bd/3704a8c3e0942d711c1299ebf7b9091930adae6675d7c8f476a7ce48653c/sgmllib3k-1.0.0.tar.gz", hash = "sha256:7868fb1c8bfa764c1ac563d3cf369c381d1325d36124933a726f29fcdaa812e9", size = 5750 }

[[package]]
name = "six"
version = "1.17.0"
source = { registry = "https://pypi.org/simple" }
sdist = { url = "https://files.pythonhosted.org/packages/94/e7/b2c673351809dca68a0e064b6af791aa332cf192da575fd474ed7d6f16a2/six-1.17.0.tar.gz", hash = "sha256:ff70335d468e7eb6ec65b95b99d3a2836546063f63acc5171de367e834932a81", size = 34031 }
wheels = [
    { url = "https://files.pythonhosted.org/packages/b7/ce/149a00dd41f10bc29e5921b496af8b574d8413afcd5e30dfa0ed46c2cc5e/six-1.17.0-py2.py3-none-any.whl", hash = "sha256:4721f391ed90541fddacab5acf947aa0d3dc7d27b2e1e8eda2be8970586c3274", size = 11050 },
]

[[package]]
name = "urllib3"
version = "2.3.0"
source = { registry = "https://pypi.org/simple" }
sdist = { url = "https://files.pythonhosted.org/packages/aa/63/e53da845320b757bf29ef6a9062f5c669fe997973f966045cb019c3f4b66/urllib3-2.3.0.tar.gz", hash = "sha256:f8c5449b3cf0861679ce7e0503c7b44b5ec981bec0d1d3795a07f1ba96f0204d", size = 307268 }
wheels = [
    { url = "https://files.pythonhosted.org/packages/c8/19/4ec628951a74043532ca2cf5d97b7b14863931476d117c471e8e2b1eb39f/urllib3-2.3.0-py3-none-any.whl", hash = "sha256:1cee9ad369867bfdbbb48b7dd50374c0967a0bb7710050facf0dd6911440e3df", size = 128369 },
]
